
Microsoft Visual Studio Solution File, Format Version 11.00
# Visual Studio 2010
Project("{FAE04EC0-301F-11D3-BF4B-00C04F79EFBC}") = "PhotonUnityNetworking.Utilities", "PhotonUnityNetworking.Utilities.csproj", "{0728792d-223f-907b-9fb4-57e345572830}"
EndProject
Project("{FAE04EC0-301F-11D3-BF4B-00C04F79EFBC}") = "Assembly-CSharp", "Assembly-CSharp.csproj", "{22609c2f-46cc-6052-7c2c-a6020f8fb1a3}"
EndProject
Project("{FAE04EC0-301F-11D3-BF4B-00C04F79EFBC}") = "PhotonUnityNetworking.Demos", "PhotonUnityNetworking.Demos.csproj", "{2d0b3c48-b7e5-2f0c-4bf6-cf0123ed71d2}"
EndProject
Project("{FAE04EC0-301F-11D3-BF4B-00C04F79EFBC}") = "PhotonUnityNetworking", "PhotonUnityNetworking.csproj", "{d08c8ae6-2b32-583c-3aad-38b199123c35}"
EndProject
Project("{FAE04EC0-301F-11D3-BF4B-00C04F79EFBC}") = "Assembly-CSharp-firstpass", "Assembly-CSharp-firstpass.csproj", "{65257593-d4de-d65d-1fb2-820ce90a24af}"
EndProject
Project("{FAE04EC0-301F-11D3-BF4B-00C04F79EFBC}") = "PhotonChat", "PhotonChat.csproj", "{48986e94-c8bf-8db2-62c5-d4e2e4700a7a}"
EndProject
Project("{FAE04EC0-301F-11D3-BF4B-00C04F79EFBC}") = "PhotonRealtime", "PhotonRealtime.csproj", "{88d11d89-a34c-910e-273b-2ae3b09b8214}"
EndProject
Project("{FAE04EC0-301F-11D3-BF4B-00C04F79EFBC}") = "PhotonUnityNetworking.Editor", "PhotonUnityNetworking.Editor.csproj", "{e60e3572-475c-6ce2-b290-4e2bb27292bb}"
EndProject
Project("{FAE04EC0-301F-11D3-BF4B-00C04F79EFBC}") = "Assembly-CSharp-Editor", "Assembly-CSharp-Editor.csproj", "{17d8154c-fdfe-8576-2aa7-74507026e24e}"
EndProject
Project("{FAE04EC0-301F-11D3-BF4B-00C04F79EFBC}") = "Assembly-CSharp-Editor-firstpass", "Assembly-CSharp-Editor-firstpass.csproj", "{83a1aacf-00b3-89ca-a172-15d468898609}"
EndProject
Project("{FAE04EC0-301F-11D3-BF4B-00C04F79EFBC}") = "PhotonUnityNetworking.Utilities.PhotonPlayer.Editor", "PhotonUnityNetworking.Utilities.PhotonPlayer.Editor.csproj", "{12ec2c52-b99d-2ad4-f570-db0b8a444e15}"
EndProject
Project("{FAE04EC0-301F-11D3-BF4B-00C04F79EFBC}") = "PunDemos.DemoSlotcarEditor", "PunDemos.DemoSlotcarEditor.csproj", "{750630bf-57e7-a8f3-4bbe-5983f473fd02}"
EndProject
Project("{FAE04EC0-301F-11D3-BF4B-00C04F79EFBC}") = "PhotonUnityNetworking.Utilities.Culling.Editor", "PhotonUnityNetworking.Utilities.Culling.Editor.csproj", "{000eabc0-f42a-c550-9156-35fcbc5d9ee7}"
EndProject
Project("{FAE04EC0-301F-11D3-BF4B-00C04F79EFBC}") = "PunDemos.DemoHubEditor", "PunDemos.DemoHubEditor.csproj", "{554c2327-c0ec-9fb7-328f-8398431eabeb}"
EndProject
Global
	GlobalSection(SolutionConfigurationPlatforms) = preSolution
		Debug|Any CPU = Debug|Any CPU
	EndGlobalSection
	GlobalSection(ProjectConfigurationPlatforms) = postSolution
		{0728792d-223f-907b-9fb4-57e345572830}.Debug|Any CPU.ActiveCfg = Debug|Any CPU
		{0728792d-223f-907b-9fb4-57e345572830}.Debug|Any CPU.Build.0 = Debug|Any CPU
		{22609c2f-46cc-6052-7c2c-a6020f8fb1a3}.Debug|Any CPU.ActiveCfg = Debug|Any CPU
		{22609c2f-46cc-6052-7c2c-a6020f8fb1a3}.Debug|Any CPU.Build.0 = Debug|Any CPU
		{2d0b3c48-b7e5-2f0c-4bf6-cf0123ed71d2}.Debug|Any CPU.ActiveCfg = Debug|Any CPU
		{2d0b3c48-b7e5-2f0c-4bf6-cf0123ed71d2}.Debug|Any CPU.Build.0 = Debug|Any CPU
		{d08c8ae6-2b32-583c-3aad-38b199123c35}.Debug|Any CPU.ActiveCfg = Debug|Any CPU
		{d08c8ae6-2b32-583c-3aad-38b199123c35}.Debug|Any CPU.Build.0 = Debug|Any CPU
		{65257593-d4de-d65d-1fb2-820ce90a24af}.Debug|Any CPU.ActiveCfg = Debug|Any CPU
		{65257593-d4de-d65d-1fb2-820ce90a24af}.Debug|Any CPU.Build.0 = Debug|Any CPU
		{48986e94-c8bf-8db2-62c5-d4e2e4700a7a}.Debug|Any CPU.ActiveCfg = Debug|Any CPU
		{48986e94-c8bf-8db2-62c5-d4e2e4700a7a}.Debug|Any CPU.Build.0 = Debug|Any CPU
		{88d11d89-a34c-910e-273b-2ae3b09b8214}.Debug|Any CPU.ActiveCfg = Debug|Any CPU
		{88d11d89-a34c-910e-273b-2ae3b09b8214}.Debug|Any CPU.Build.0 = Debug|Any CPU
		{e60e3572-475c-6ce2-b290-4e2bb27292bb}.Debug|Any CPU.ActiveCfg = Debug|Any CPU
		{e60e3572-475c-6ce2-b290-4e2bb27292bb}.Debug|Any CPU.Build.0 = Debug|Any CPU
		{17d8154c-fdfe-8576-2aa7-74507026e24e}.Debug|Any CPU.ActiveCfg = Debug|Any CPU
		{17d8154c-fdfe-8576-2aa7-74507026e24e}.Debug|Any CPU.Build.0 = Debug|Any CPU
		{83a1aacf-00b3-89ca-a172-15d468898609}.Debug|Any CPU.ActiveCfg = Debug|Any CPU
		{83a1aacf-00b3-89ca-a172-15d468898609}.Debug|Any CPU.Build.0 = Debug|Any CPU
		{12ec2c52-b99d-2ad4-f570-db0b8a444e15}.Debug|Any CPU.ActiveCfg = Debug|Any CPU
		{12ec2c52-b99d-2ad4-f570-db0b8a444e15}.Debug|Any CPU.Build.0 = Debug|Any CPU
		{750630bf-57e7-a8f3-4bbe-5983f473fd02}.Debug|Any CPU.ActiveCfg = Debug|Any CPU
		{750630bf-57e7-a8f3-4bbe-5983f473fd02}.Debug|Any CPU.Build.0 = Debug|Any CPU
		{000eabc0-f42a-c550-9156-35fcbc5d9ee7}.Debug|Any CPU.ActiveCfg = Debug|Any CPU
		{000eabc0-f42a-c550-9156-35fcbc5d9ee7}.Debug|Any CPU.Build.0 = Debug|Any CPU
		{554c2327-c0ec-9fb7-328f-8398431eabeb}.Debug|Any CPU.ActiveCfg = Debug|Any CPU
		{554c2327-c0ec-9fb7-328f-8398431eabeb}.Debug|Any CPU.Build.0 = Debug|Any CPU
	EndGlobalSection
	GlobalSection(SolutionProperties) = preSolution
		HideSolutionNode = FALSE
	EndGlobalSection
EndGlobal
